// !$*UTF8*$!
{
	archiveVersion = 1;
	classes = {
	};
	objectVersion = 77;
	objects = {

/* Begin PBXBuildFile section */
		12F67E7E2DC65A7A00FDA5D4 /* Assets.xcassets in Resources */ = {isa = PBXBuildFile; fileRef = 12F67E7A2DC65A7A00FDA5D4 /* Assets.xcassets */; };
		12F67E7F2DC65A7A00FDA5D4 /* RaceHistory.swift in Sources */ = {isa = PBXBuildFile; fileRef = 12F67E782DC65A7A00FDA5D4 /* RaceHistory.swift */; };
		12F67E812DC65A7A00FDA5D4 /* RacesApp.swift in Sources */ = {isa = PBXBuildFile; fileRef = 12F67E7C2DC65A7A00FDA5D4 /* RacesApp.swift */; };
		12F67E872DC65AD000FDA5D4 /* Horse.swift in Sources */ = {isa = PBXBuildFile; fileRef = 12F67E862DC65AD000FDA5D4 /* Horse.swift */; };
		12F67E892DC65B1400FDA5D4 /* RaceHistoryManager.swift in Sources */ = {isa = PBXBuildFile; fileRef = 12F67E882DC65B1400FDA5D4 /* RaceHistoryManager.swift */; };
		12F67E8B2DC65B5100FDA5D4 /* RaceViewModel.swift in Sources */ = {isa = PBXBuildFile; fileRef = 12F67E8A2DC65B5100FDA5D4 /* RaceViewModel.swift */; };
		12F67E8D2DC65B9E00FDA5D4 /* MainView.swift in Sources */ = {isa = PBXBuildFile; fileRef = 12F67E8C2DC65B9E00FDA5D4 /* MainView.swift */; };
		12F67E8F2DC65BDB00FDA5D4 /* HistoryView.swift in Sources */ = {isa = PBXBuildFile; fileRef = 12F67E8E2DC65BDB00FDA5D4 /* HistoryView.swift */; };
		12F67E922DC65C2700FDA5D4 /* RaceView.swift in Sources */ = {isa = PBXBuildFile; fileRef = 12F67E912DC65C2700FDA5D4 /* RaceView.swift */; };
		12F67E942DC65CBD00FDA5D4 /* HorseView.swift in Sources */ = {isa = PBXBuildFile; fileRef = 12F67E932DC65CBD00FDA5D4 /* HorseView.swift */; };
		12F67EB92DC77AD200FDA5D4 /* ResultsRowView.swift in Sources */ = {isa = PBXBuildFile; fileRef = 12F67EB82DC77AD200FDA5D4 /* ResultsRowView.swift */; };
		12F67EBC2DC780CC00FDA5D4 /* Color.swift in Sources */ = {isa = PBXBuildFile; fileRef = 12F67EBB2DC780CC00FDA5D4 /* Color.swift */; };
		12F67ECA2DC78C4D00FDA5D4 /* NotificationManager.swift in Sources */ = {isa = PBXBuildFile; fileRef = 12F67EC92DC78C4400FDA5D4 /* NotificationManager.swift */; };
		12F67ECC2DC8A3E300FDA5D4 /* TrackView.swift in Sources */ = {isa = PBXBuildFile; fileRef = 12F67ECB2DC8A3E300FDA5D4 /* TrackView.swift */; };
		12F67ED02DC8A4E500FDA5D4 /* WinnerView.swift in Sources */ = {isa = PBXBuildFile; fileRef = 12F67ECF2DC8A4E500FDA5D4 /* WinnerView.swift */; };
		12F67ED22DC8A54000FDA5D4 /* StartButton.swift in Sources */ = {isa = PBXBuildFile; fileRef = 12F67ED12DC8A54000FDA5D4 /* StartButton.swift */; };
		12F67ED42DC8AA9100FDA5D4 /* HorseAvatar.swift in Sources */ = {isa = PBXBuildFile; fileRef = 12F67ED32DC8AA9100FDA5D4 /* HorseAvatar.swift */; };
/* End PBXBuildFile section */

/* Begin PBXFileReference section */
		12F67E672DC65A3600FDA5D4 /* Races.app */ = {isa = PBXFileReference; explicitFileType = wrapper.application; includeInIndex = 0; path = Races.app; sourceTree = BUILT_PRODUCTS_DIR; };
		12F67E782DC65A7A00FDA5D4 /* RaceHistory.swift */ = {isa = PBXFileReference; lastKnownFileType = sourcecode.swift; path = RaceHistory.swift; sourceTree = "<group>"; };
		12F67E7A2DC65A7A00FDA5D4 /* Assets.xcassets */ = {isa = PBXFileReference; lastKnownFileType = folder.assetcatalog; path = Assets.xcassets; sourceTree = "<group>"; };
		12F67E7C2DC65A7A00FDA5D4 /* RacesApp.swift */ = {isa = PBXFileReference; lastKnownFileType = sourcecode.swift; path = RacesApp.swift; sourceTree = "<group>"; };
		12F67E862DC65AD000FDA5D4 /* Horse.swift */ = {isa = PBXFileReference; lastKnownFileType = sourcecode.swift; path = Horse.swift; sourceTree = "<group>"; };
		12F67E882DC65B1400FDA5D4 /* RaceHistoryManager.swift */ = {isa = PBXFileReference; lastKnownFileType = sourcecode.swift; path = RaceHistoryManager.swift; sourceTree = "<group>"; };
		12F67E8A2DC65B5100FDA5D4 /* RaceViewModel.swift */ = {isa = PBXFileReference; lastKnownFileType = sourcecode.swift; path = RaceViewModel.swift; sourceTree = "<group>"; };
		12F67E8C2DC65B9E00FDA5D4 /* MainView.swift */ = {isa = PBXFileReference; lastKnownFileType = sourcecode.swift; path = MainView.swift; sourceTree = "<group>"; };
		12F67E8E2DC65BDB00FDA5D4 /* HistoryView.swift */ = {isa = PBXFileReference; lastKnownFileType = sourcecode.swift; path = HistoryView.swift; sourceTree = "<group>"; };
		12F67E912DC65C2700FDA5D4 /* RaceView.swift */ = {isa = PBXFileReference; lastKnownFileType = sourcecode.swift; path = RaceView.swift; sourceTree = "<group>"; };
		12F67E932DC65CBD00FDA5D4 /* HorseView.swift */ = {isa = PBXFileReference; lastKnownFileType = sourcecode.swift; path = HorseView.swift; sourceTree = "<group>"; };
		12F67EB82DC77AD200FDA5D4 /* ResultsRowView.swift */ = {isa = PBXFileReference; lastKnownFileType = sourcecode.swift; path = ResultsRowView.swift; sourceTree = "<group>"; };
		12F67EBB2DC780CC00FDA5D4 /* Color.swift */ = {isa = PBXFileReference; lastKnownFileType = sourcecode.swift; path = Color.swift; sourceTree = "<group>"; };
		12F67EC92DC78C4400FDA5D4 /* NotificationManager.swift */ = {isa = PBXFileReference; lastKnownFileType = sourcecode.swift; path = NotificationManager.swift; sourceTree = "<group>"; };
		12F67ECB2DC8A3E300FDA5D4 /* TrackView.swift */ = {isa = PBXFileReference; lastKnownFileType = sourcecode.swift; path = TrackView.swift; sourceTree = "<group>"; };
		12F67ECF2DC8A4E500FDA5D4 /* WinnerView.swift */ = {isa = PBXFileReference; lastKnownFileType = sourcecode.swift; path = WinnerView.swift; sourceTree = "<group>"; };
		12F67ED12DC8A54000FDA5D4 /* StartButton.swift */ = {isa = PBXFileReference; lastKnownFileType = sourcecode.swift; path = StartButton.swift; sourceTree = "<group>"; };
		12F67ED32DC8AA9100FDA5D4 /* HorseAvatar.swift */ = {isa = PBXFileReference; lastKnownFileType = sourcecode.swift; path = HorseAvatar.swift; sourceTree = "<group>"; };
/* End PBXFileReference section */

/* Begin PBXFrameworksBuildPhase section */
		12F67E642DC65A3600FDA5D4 /* Frameworks */ = {
			isa = PBXFrameworksBuildPhase;
			buildActionMask = 2147483647;
			files = (
			);
			runOnlyForDeploymentPostprocessing = 0;
		};
/* End PBXFrameworksBuildPhase section */

/* Begin PBXGroup section */
		12F67E5E2DC65A3600FDA5D4 = {
			isa = PBXGroup;
			children = (
				12F67E7D2DC65A7A00FDA5D4 /* Races */,
				12F67E682DC65A3600FDA5D4 /* Products */,
			);
			sourceTree = "<group>";
		};
		12F67E682DC65A3600FDA5D4 /* Products */ = {
			isa = PBXGroup;
			children = (
				12F67E672DC65A3600FDA5D4 /* Races.app */,
			);
			name = Products;
			sourceTree = "<group>";
		};
		12F67E792DC65A7A00FDA5D4 /* Model */ = {
			isa = PBXGroup;
			children = (
				12F67E862DC65AD000FDA5D4 /* Horse.swift */,
				12F67E782DC65A7A00FDA5D4 /* RaceHistory.swift */,
			);
			path = Model;
			sourceTree = "<group>";
		};
		12F67E7D2DC65A7A00FDA5D4 /* Races */ = {
			isa = PBXGroup;
			children = (
				12F67E7C2DC65A7A00FDA5D4 /* RacesApp.swift */,
				12F67E7A2DC65A7A00FDA5D4 /* Assets.xcassets */,
				12F67EBA2DC780C000FDA5D4 /* Extensions */,
				12F67EC82DC7875D00FDA5D4 /* Services */,
				12F67E792DC65A7A00FDA5D4 /* Model */,
				12F67E852DC65A8600FDA5D4 /* ViewModel */,
				12F67E832DC65A8200FDA5D4 /* View */,
			);
			path = Races;
			sourceTree = "<group>";
		};
		12F67E832DC65A8200FDA5D4 /* View */ = {
			isa = PBXGroup;
			children = (
				12F67E8C2DC65B9E00FDA5D4 /* MainView.swift */,
				12F67E902DC65C0E00FDA5D4 /* RaceView */,
				12F67EB72DC77AAE00FDA5D4 /* HistoryView */,
			);
			path = View;
			sourceTree = "<group>";
		};
		12F67E852DC65A8600FDA5D4 /* ViewModel */ = {
			isa = PBXGroup;
			children = (
				12F67E8A2DC65B5100FDA5D4 /* RaceViewModel.swift */,
			);
			path = ViewModel;
			sourceTree = "<group>";
		};
		12F67E902DC65C0E00FDA5D4 /* RaceView */ = {
			isa = PBXGroup;
			children = (
				12F67E912DC65C2700FDA5D4 /* RaceView.swift */,
				12F67ECB2DC8A3E300FDA5D4 /* TrackView.swift */,
				12F67E932DC65CBD00FDA5D4 /* HorseView.swift */,
				12F67ECF2DC8A4E500FDA5D4 /* WinnerView.swift */,
				12F67ED12DC8A54000FDA5D4 /* StartButton.swift */,
			);
			path = RaceView;
			sourceTree = "<group>";
		};
		12F67EB72DC77AAE00FDA5D4 /* HistoryView */ = {
			isa = PBXGroup;
			children = (
				12F67E8E2DC65BDB00FDA5D4 /* HistoryView.swift */,
				12F67EB82DC77AD200FDA5D4 /* ResultsRowView.swift */,
				12F67ED32DC8AA9100FDA5D4 /* HorseAvatar.swift */,
			);
			path = HistoryView;
			sourceTree = "<group>";
		};
		12F67EBA2DC780C000FDA5D4 /* Extensions */ = {
			isa = PBXGroup;
			children = (
				12F67EBB2DC780CC00FDA5D4 /* Color.swift */,
			);
			path = Extensions;
			sourceTree = "<group>";
		};
		12F67EC82DC7875D00FDA5D4 /* Services */ = {
			isa = PBXGroup;
			children = (
				12F67EC92DC78C4400FDA5D4 /* NotificationManager.swift */,
				12F67E882DC65B1400FDA5D4 /* RaceHistoryManager.swift */,
			);
			path = Services;
			sourceTree = "<group>";
		};
/* End PBXGroup section */

/* Begin PBXNativeTarget section */
		12F67E662DC65A3600FDA5D4 /* Races */ = {
			isa = PBXNativeTarget;
			buildConfigurationList = 12F67E722DC65A3700FDA5D4 /* Build configuration list for PBXNativeTarget "Races" */;
			buildPhases = (
				12F67E632DC65A3600FDA5D4 /* Sources */,
				12F67E642DC65A3600FDA5D4 /* Frameworks */,
				12F67E652DC65A3600FDA5D4 /* Resources */,
			);
			buildRules = (
			);
			dependencies = (
			);
			name = Races;
			packageProductDependencies = (
			);
			productName = Races;
			productReference = 12F67E672DC65A3600FDA5D4 /* Races.app */;
			productType = "com.apple.product-type.application";
		};
/* End PBXNativeTarget section */

/* Begin PBXProject section */
		12F67E5F2DC65A3600FDA5D4 /* Project object */ = {
			isa = PBXProject;
			attributes = {
				BuildIndependentTargetsInParallel = 1;
				LastSwiftUpdateCheck = 1630;
				LastUpgradeCheck = 1630;
				TargetAttributes = {
					12F67E662DC65A3600FDA5D4 = {
						CreatedOnToolsVersion = 16.3;
					};
				};
			};
			buildConfigurationList = 12F67E622DC65A3600FDA5D4 /* Build configuration list for PBXProject "Races" */;
			developmentRegion = en;
			hasScannedForEncodings = 0;
			knownRegions = (
				en,
				Base,
			);
			mainGroup = 12F67E5E2DC65A3600FDA5D4;
			minimizedProjectReferenceProxies = 1;
			preferredProjectObjectVersion = 77;
			productRefGroup = 12F67E682DC65A3600FDA5D4 /* Products */;
			projectDirPath = "";
			projectRoot = "";
			targets = (
				12F67E662DC65A3600FDA5D4 /* Races */,
			);
		};
/* End PBXProject section */

/* Begin PBXResourcesBuildPhase section */
		12F67E652DC65A3600FDA5D4 /* Resources */ = {
			isa = PBXResourcesBuildPhase;
			buildActionMask = 2147483647;
			files = (
				12F67E7E2DC65A7A00FDA5D4 /* Assets.xcassets in Resources */,
			);
			runOnlyForDeploymentPostprocessing = 0;
		};
/* End PBXResourcesBuildPhase section */

/* Begin PBXSourcesBuildPhase section */
		12F67E632DC65A3600FDA5D4 /* Sources */ = {
			isa = PBXSourcesBuildPhase;
			buildActionMask = 2147483647;
			files = (
				12F67E7F2DC65A7A00FDA5D4 /* RaceHistory.swift in Sources */,
				12F67ED02DC8A4E500FDA5D4 /* WinnerView.swift in Sources */,
				12F67E8F2DC65BDB00FDA5D4 /* HistoryView.swift in Sources */,
				12F67ECC2DC8A3E300FDA5D4 /* TrackView.swift in Sources */,
				12F67E8D2DC65B9E00FDA5D4 /* MainView.swift in Sources */,
				12F67E812DC65A7A00FDA5D4 /* RacesApp.swift in Sources */,
				12F67E872DC65AD000FDA5D4 /* Horse.swift in Sources */,
				12F67EB92DC77AD200FDA5D4 /* ResultsRowView.swift in Sources */,
				12F67ECA2DC78C4D00FDA5D4 /* NotificationManager.swift in Sources */,
				12F67E892DC65B1400FDA5D4 /* RaceHistoryManager.swift in Sources */,
				12F67E942DC65CBD00FDA5D4 /* HorseView.swift in Sources */,
				12F67E922DC65C2700FDA5D4 /* RaceView.swift in Sources */,
				12F67ED42DC8AA9100FDA5D4 /* HorseAvatar.swift in Sources */,
				12F67ED22DC8A54000FDA5D4 /* StartButton.swift in Sources */,
				12F67EBC2DC780CC00FDA5D4 /* Color.swift in Sources */,
				12F67E8B2DC65B5100FDA5D4 /* RaceViewModel.swift in Sources */,
			);
			runOnlyForDeploymentPostprocessing = 0;
		};
/* End PBXSourcesBuildPhase section */

/* Begin XCBuildConfiguration section */
		12F67E702DC65A3700FDA5D4 /* Debug */ = {
			isa = XCBuildConfiguration;
			buildSettings = {
				ALWAYS_SEARCH_USER_PATHS = NO;
				ASSETCATALOG_COMPILER_GENERATE_SWIFT_ASSET_SYMBOL_EXTENSIONS = YES;
				CLANG_ANALYZER_NONNULL = YES;
				CLANG_ANALYZER_NUMBER_OBJECT_CONVERSION = YES_AGGRESSIVE;
				CLANG_CXX_LANGUAGE_STANDARD = "gnu++20";
				CLANG_ENABLE_MODULES = YES;
				CLANG_ENABLE_OBJC_ARC = YES;
				CLANG_ENABLE_OBJC_WEAK = YES;
				CLANG_WARN_BLOCK_CAPTURE_AUTORELEASING = YES;
				CLANG_WARN_BOOL_CONVERSION = YES;
				CLANG_WARN_COMMA = YES;
				CLANG_WARN_CONSTANT_CONVERSION = YES;
				CLANG_WARN_DEPRECATED_OBJC_IMPLEMENTATIONS = YES;
				CLANG_WARN_DIRECT_OBJC_ISA_USAGE = YES_ERROR;
				CLANG_WARN_DOCUMENTATION_COMMENTS = YES;
				CLANG_WARN_EMPTY_BODY = YES;
				CLANG_WARN_ENUM_CONVERSION = YES;
				CLANG_WARN_INFINITE_RECURSION = YES;
				CLANG_WARN_INT_CONVERSION = YES;
				CLANG_WARN_NON_LITERAL_NULL_CONVERSION = YES;
				CLANG_WARN_OBJC_IMPLICIT_RETAIN_SELF = YES;
				CLANG_WARN_OBJC_LITERAL_CONVERSION = YES;
				CLANG_WARN_OBJC_ROOT_CLASS = YES_ERROR;
				CLANG_WARN_QUOTED_INCLUDE_IN_FRAMEWORK_HEADER = YES;
				CLANG_WARN_RANGE_LOOP_ANALYSIS = YES;
				CLANG_WARN_STRICT_PROTOTYPES = YES;
				CLANG_WARN_SUSPICIOUS_MOVE = YES;
				CLANG_WARN_UNGUARDED_AVAILABILITY = YES_AGGRESSIVE;
				CLANG_WARN_UNREACHABLE_CODE = YES;
				CLANG_WARN__DUPLICATE_METHOD_MATCH = YES;
				COPY_PHASE_STRIP = NO;
				DEBUG_INFORMATION_FORMAT = dwarf;
				ENABLE_STRICT_OBJC_MSGSEND = YES;
				ENABLE_TESTABILITY = YES;
				ENABLE_USER_SCRIPT_SANDBOXING = YES;
				GCC_C_LANGUAGE_STANDARD = gnu17;
				GCC_DYNAMIC_NO_PIC = NO;
				GCC_NO_COMMON_BLOCKS = YES;
				GCC_OPTIMIZATION_LEVEL = 0;
				GCC_PREPROCESSOR_DEFINITIONS = (
					"DEBUG=1",
					"$(inherited)",
				);
				GCC_WARN_64_TO_32_BIT_CONVERSION = YES;
				GCC_WARN_ABOUT_RETURN_TYPE = YES_ERROR;
				GCC_WARN_UNDECLARED_SELECTOR = YES;
				GCC_WARN_UNINITIALIZED_AUTOS = YES_AGGRESSIVE;
				GCC_WARN_UNUSED_FUNCTION = YES;
				GCC_WARN_UNUSED_VARIABLE = YES;
				IPHONEOS_DEPLOYMENT_TARGET = 17.6;
				LOCALIZATION_PREFERS_STRING_CATALOGS = YES;
				MTL_ENABLE_DEBUG_INFO = INCLUDE_SOURCE;
				MTL_FAST_MATH = YES;
				ONLY_ACTIVE_ARCH = YES;
				SDKROOT = iphoneos;
				SWIFT_ACTIVE_COMPILATION_CONDITIONS = "DEBUG $(inherited)";
				SWIFT_OPTIMIZATION_LEVEL = "-Onone";
			};
			name = Debug;
		};
		12F67E712DC65A3700FDA5D4 /* Release */ = {
			isa = XCBuildConfiguration;
			buildSettings = {
				ALWAYS_SEARCH_USER_PATHS = NO;
				ASSETCATALOG_COMPILER_GENERATE_SWIFT_ASSET_SYMBOL_EXTENSIONS = YES;
				CLANG_ANALYZER_NONNULL = YES;
				CLANG_ANALYZER_NUMBER_OBJECT_CONVERSION = YES_AGGRESSIVE;
				CLANG_CXX_LANGUAGE_STANDARD = "gnu++20";
				CLANG_ENABLE_MODULES = YES;
				CLANG_ENABLE_OBJC_ARC = YES;
				CLANG_ENABLE_OBJC_WEAK = YES;
				CLANG_WARN_BLOCK_CAPTURE_AUTORELEASING = YES;
				CLANG_WARN_BOOL_CONVERSION = YES;
				CLANG_WARN_COMMA = YES;
				CLANG_WARN_CONSTANT_CONVERSION = YES;
				CLANG_WARN_DEPRECATED_OBJC_IMPLEMENTATIONS = YES;
				CLANG_WARN_DIRECT_OBJC_ISA_USAGE = YES_ERROR;
				CLANG_WARN_DOCUMENTATION_COMMENTS = YES;
				CLANG_WARN_EMPTY_BODY = YES;
				CLANG_WARN_ENUM_CONVERSION = YES;
				CLANG_WARN_INFINITE_RECURSION = YES;
				CLANG_WARN_INT_CONVERSION = YES;
				CLANG_WARN_NON_LITERAL_NULL_CONVERSION = YES;
				CLANG_WARN_OBJC_IMPLICIT_RETAIN_SELF = YES;
				CLANG_WARN_OBJC_LITERAL_CONVERSION = YES;
				CLANG_WARN_OBJC_ROOT_CLASS = YES_ERROR;
				CLANG_WARN_QUOTED_INCLUDE_IN_FRAMEWORK_HEADER = YES;
				CLANG_WARN_RANGE_LOOP_ANALYSIS = YES;
				CLANG_WARN_STRICT_PROTOTYPES = YES;
				CLANG_WARN_SUSPICIOUS_MOVE = YES;
				CLANG_WARN_UNGUARDED_AVAILABILITY = YES_AGGRESSIVE;
				CLANG_WARN_UNREACHABLE_CODE = YES;
				CLANG_WARN__DUPLICATE_METHOD_MATCH = YES;
				COPY_PHASE_STRIP = NO;
				DEBUG_INFORMATION_FORMAT = "dwarf-with-dsym";
				ENABLE_NS_ASSERTIONS = NO;
				ENABLE_STRICT_OBJC_MSGSEND = YES;
				ENABLE_USER_SCRIPT_SANDBOXING = YES;
				GCC_C_LANGUAGE_STANDARD = gnu17;
				GCC_NO_COMMON_BLOCKS = YES;
				GCC_WARN_64_TO_32_BIT_CONVERSION = YES;
				GCC_WARN_ABOUT_RETURN_TYPE = YES_ERROR;
				GCC_WARN_UNDECLARED_SELECTOR = YES;
				GCC_WARN_UNINITIALIZED_AUTOS = YES_AGGRESSIVE;
				GCC_WARN_UNUSED_FUNCTION = YES;
				GCC_WARN_UNUSED_VARIABLE = YES;
				IPHONEOS_DEPLOYMENT_TARGET = 17.6;
				LOCALIZATION_PREFERS_STRING_CATALOGS = YES;
				MTL_ENABLE_DEBUG_INFO = NO;
				MTL_FAST_MATH = YES;
				SDKROOT = iphoneos;
				SWIFT_COMPILATION_MODE = wholemodule;
				VALIDATE_PRODUCT = YES;
			};
			name = Release;
		};
		12F67E732DC65A3700FDA5D4 /* Debug */ = {
			isa = XCBuildConfiguration;
			buildSettings = {
				ASSETCATALOG_COMPILER_APPICON_NAME = AppIcon;
				ASSETCATALOG_COMPILER_GLOBAL_ACCENT_COLOR_NAME = AccentColor;
				CODE_SIGN_STYLE = Automatic;
				CURRENT_PROJECT_VERSION = 1;
				ENABLE_PREVIEWS = YES;
				GENERATE_INFOPLIST_FILE = YES;
				INFOPLIST_KEY_UIApplicationSceneManifest_Generation = YES;
				INFOPLIST_KEY_UIApplicationSupportsIndirectInputEvents = YES;
				INFOPLIST_KEY_UILaunchScreen_Generation = YES;
				INFOPLIST_KEY_UISupportedInterfaceOrientations = "UIInterfaceOrientationPortrait UIInterfaceOrientationPortraitUpsideDown";
				IPHONEOS_DEPLOYMENT_TARGET = 17.0;
				LD_RUNPATH_SEARCH_PATHS = (
					"$(inherited)",
					"@executable_path/Frameworks",
				);
				MARKETING_VERSION = 1.0;
				PRODUCT_BUNDLE_IDENTIFIER = com.A.Races;
				PRODUCT_NAME = "$(TARGET_NAME)";
				SUPPORTED_PLATFORMS = "iphoneos iphonesimulator";
				SUPPORTS_MACCATALYST = NO;
				SUPPORTS_MAC_DESIGNED_FOR_IPHONE_IPAD = NO;
				SUPPORTS_XR_DESIGNED_FOR_IPHONE_IPAD = NO;
				SWIFT_EMIT_LOC_STRINGS = YES;
				SWIFT_VERSION = 5.0;
				TARGETED_DEVICE_FAMILY = 1;
			};
			name = Debug;
		};
		12F67E742DC65A3700FDA5D4 /* Release */ = {
			isa = XCBuildConfiguration;
			buildSettings = {
				ASSETCATALOG_COMPILER_APPICON_NAME = AppIcon;
				ASSETCATALOG_COMPILER_GLOBAL_ACCENT_COLOR_NAME = AccentColor;
				CODE_SIGN_STYLE = Automatic;
				CURRENT_PROJECT_VERSION = 1;
				ENABLE_PREVIEWS = YES;
				GENERATE_INFOPLIST_FILE = YES;
				INFOPLIST_KEY_UIApplicationSceneManifest_Generation = YES;
				INFOPLIST_KEY_UIApplicationSupportsIndirectInputEvents = YES;
				INFOPLIST_KEY_UILaunchScreen_Generation = YES;
				INFOPLIST_KEY_UISupportedInterfaceOrientations = "UIInterfaceOrientationPortrait UIInterfaceOrientationPortraitUpsideDown";
				IPHONEOS_DEPLOYMENT_TARGET = 17.0;
				LD_RUNPATH_SEARCH_PATHS = (
					"$(inherited)",
					"@executable_path/Frameworks",
				);
				MARKETING_VERSION = 1.0;
				PRODUCT_BUNDLE_IDENTIFIER = com.A.Races;
				PRODUCT_NAME = "$(TARGET_NAME)";
				SUPPORTED_PLATFORMS = "iphoneos iphonesimulator";
				SUPPORTS_MACCATALYST = NO;
				SUPPORTS_MAC_DESIGNED_FOR_IPHONE_IPAD = NO;
				SUPPORTS_XR_DESIGNED_FOR_IPHONE_IPAD = NO;
				SWIFT_EMIT_LOC_STRINGS = YES;
				SWIFT_VERSION = 5.0;
				TARGETED_DEVICE_FAMILY = 1;
			};
			name = Release;
		};
/* End XCBuildConfiguration section */

/* Begin XCConfigurationList section */
		12F67E622DC65A3600FDA5D4 /* Build configuration list for PBXProject "Races" */ = {
			isa = XCConfigurationList;
			buildConfigurations = (
				12F67E702DC65A3700FDA5D4 /* Debug */,
				12F67E712DC65A3700FDA5D4 /* Release */,
			);
			defaultConfigurationIsVisible = 0;
			defaultConfigurationName = Release;
		};
		12F67E722DC65A3700FDA5D4 /* Build configuration list for PBXNativeTarget "Races" */ = {
			isa = XCConfigurationList;
			buildConfigurations = (
				12F67E732DC65A3700FDA5D4 /* Debug */,
				12F67E742DC65A3700FDA5D4 /* Release */,
			);
			defaultConfigurationIsVisible = 0;
			defaultConfigurationName = Release;
		};
/* End XCConfigurationList section */
	};
	rootObject = 12F67E5F2DC65A3600FDA5D4 /* Project object */;
}
